
Microsoft Visual Studio Solution File, Format Version 12.00
# Visual Studio 15
VisualStudioVersion = 15.0.26124.0
MinimumVisualStudioVersion = 15.0.26124.0
Project("{2150E333-8FDC-42A3-9474-1A3956D46DE8}") = "src", "src", "{27977528-1F67-4574-BBB8-A059831C1F82}"
EndProject
Project("{FAE04EC0-301F-11D3-BF4B-00C04F79EFBC}") = "Ruling", "src\Ruling\Ruling.csproj", "{7CB5533D-9C6E-40A9-84EF-C2F9DED15305}"
EndProject
Project("{2150E333-8FDC-42A3-9474-1A3956D46DE8}") = "tests", "tests", "{280E134C-DF73-424B-9223-7E1EAC1EF556}"
EndProject
Project("{FAE04EC0-301F-11D3-BF4B-00C04F79EFBC}") = "Ruling.Tests", "tests\Ruling.Tests\Ruling.Tests.csproj", "{D116A4E1-D1CA-4246-ADE6-1ADDEEFFFCAA}"
EndProject
Project("{2150E333-8FDC-42A3-9474-1A3956D46DE8}") = "examples", "examples", "{9E4723FE-A90C-430E-ACC4-FBCE3F7A7E6A}"
EndProject
Project("{FAE04EC0-301F-11D3-BF4B-00C04F79EFBC}") = "Ruling.Examples", "examples\Ruling.Examples\Ruling.Examples.csproj", "{C6992300-C558-45F3-9C80-011FE847B4B5}"
EndProject
Global
	GlobalSection(SolutionConfigurationPlatforms) = preSolution
		Debug|Any CPU = Debug|Any CPU
		Debug|x64 = Debug|x64
		Debug|x86 = Debug|x86
		Release|Any CPU = Release|Any CPU
		Release|x64 = Release|x64
		Release|x86 = Release|x86
	EndGlobalSection
	GlobalSection(SolutionProperties) = preSolution
		HideSolutionNode = FALSE
	EndGlobalSection
	GlobalSection(ProjectConfigurationPlatforms) = postSolution
		{7CB5533D-9C6E-40A9-84EF-C2F9DED15305}.Debug|Any CPU.ActiveCfg = Debug|Any CPU
		{7CB5533D-9C6E-40A9-84EF-C2F9DED15305}.Debug|Any CPU.Build.0 = Debug|Any CPU
		{7CB5533D-9C6E-40A9-84EF-C2F9DED15305}.Debug|x64.ActiveCfg = Debug|x64
		{7CB5533D-9C6E-40A9-84EF-C2F9DED15305}.Debug|x64.Build.0 = Debug|x64
		{7CB5533D-9C6E-40A9-84EF-C2F9DED15305}.Debug|x86.ActiveCfg = Debug|x86
		{7CB5533D-9C6E-40A9-84EF-C2F9DED15305}.Debug|x86.Build.0 = Debug|x86
		{7CB5533D-9C6E-40A9-84EF-C2F9DED15305}.Release|Any CPU.ActiveCfg = Release|Any CPU
		{7CB5533D-9C6E-40A9-84EF-C2F9DED15305}.Release|Any CPU.Build.0 = Release|Any CPU
		{7CB5533D-9C6E-40A9-84EF-C2F9DED15305}.Release|x64.ActiveCfg = Release|x64
		{7CB5533D-9C6E-40A9-84EF-C2F9DED15305}.Release|x64.Build.0 = Release|x64
		{7CB5533D-9C6E-40A9-84EF-C2F9DED15305}.Release|x86.ActiveCfg = Release|x86
		{7CB5533D-9C6E-40A9-84EF-C2F9DED15305}.Release|x86.Build.0 = Release|x86
		{D116A4E1-D1CA-4246-ADE6-1ADDEEFFFCAA}.Debug|Any CPU.ActiveCfg = Debug|Any CPU
		{D116A4E1-D1CA-4246-ADE6-1ADDEEFFFCAA}.Debug|Any CPU.Build.0 = Debug|Any CPU
		{D116A4E1-D1CA-4246-ADE6-1ADDEEFFFCAA}.Debug|x64.ActiveCfg = Debug|x64
		{D116A4E1-D1CA-4246-ADE6-1ADDEEFFFCAA}.Debug|x64.Build.0 = Debug|x64
		{D116A4E1-D1CA-4246-ADE6-1ADDEEFFFCAA}.Debug|x86.ActiveCfg = Debug|x86
		{D116A4E1-D1CA-4246-ADE6-1ADDEEFFFCAA}.Debug|x86.Build.0 = Debug|x86
		{D116A4E1-D1CA-4246-ADE6-1ADDEEFFFCAA}.Release|Any CPU.ActiveCfg = Release|Any CPU
		{D116A4E1-D1CA-4246-ADE6-1ADDEEFFFCAA}.Release|Any CPU.Build.0 = Release|Any CPU
		{D116A4E1-D1CA-4246-ADE6-1ADDEEFFFCAA}.Release|x64.ActiveCfg = Release|x64
		{D116A4E1-D1CA-4246-ADE6-1ADDEEFFFCAA}.Release|x64.Build.0 = Release|x64
		{D116A4E1-D1CA-4246-ADE6-1ADDEEFFFCAA}.Release|x86.ActiveCfg = Release|x86
		{D116A4E1-D1CA-4246-ADE6-1ADDEEFFFCAA}.Release|x86.Build.0 = Release|x86
		{C6992300-C558-45F3-9C80-011FE847B4B5}.Debug|Any CPU.ActiveCfg = Debug|Any CPU
		{C6992300-C558-45F3-9C80-011FE847B4B5}.Debug|Any CPU.Build.0 = Debug|Any CPU
		{C6992300-C558-45F3-9C80-011FE847B4B5}.Debug|x64.ActiveCfg = Debug|x64
		{C6992300-C558-45F3-9C80-011FE847B4B5}.Debug|x64.Build.0 = Debug|x64
		{C6992300-C558-45F3-9C80-011FE847B4B5}.Debug|x86.ActiveCfg = Debug|x86
		{C6992300-C558-45F3-9C80-011FE847B4B5}.Debug|x86.Build.0 = Debug|x86
		{C6992300-C558-45F3-9C80-011FE847B4B5}.Release|Any CPU.ActiveCfg = Release|Any CPU
		{C6992300-C558-45F3-9C80-011FE847B4B5}.Release|Any CPU.Build.0 = Release|Any CPU
		{C6992300-C558-45F3-9C80-011FE847B4B5}.Release|x64.ActiveCfg = Release|x64
		{C6992300-C558-45F3-9C80-011FE847B4B5}.Release|x64.Build.0 = Release|x64
		{C6992300-C558-45F3-9C80-011FE847B4B5}.Release|x86.ActiveCfg = Release|x86
		{C6992300-C558-45F3-9C80-011FE847B4B5}.Release|x86.Build.0 = Release|x86
	EndGlobalSection
	GlobalSection(NestedProjects) = preSolution
		{7CB5533D-9C6E-40A9-84EF-C2F9DED15305} = {27977528-1F67-4574-BBB8-A059831C1F82}
		{D116A4E1-D1CA-4246-ADE6-1ADDEEFFFCAA} = {280E134C-DF73-424B-9223-7E1EAC1EF556}
		{C6992300-C558-45F3-9C80-011FE847B4B5} = {9E4723FE-A90C-430E-ACC4-FBCE3F7A7E6A}
	EndGlobalSection
EndGlobal
